
Microsoft Visual Studio Solution File, Format Version 12.00
# Visual Studio Version 16
VisualStudioVersion = 16.0.30523.141
MinimumVisualStudioVersion = 10.0.40219.1
Project("{FAE04EC0-301F-11D3-BF4B-00C04F79EFBC}") = "CoreBotSample", "CoreBotSample\CoreBotSample.csproj", "{09111A75-4352-4C52-BE50-887D57545C40}"
EndProject
Global
	GlobalSection(SolutionConfigurationPlatforms) = preSolution
		Debug|Any CPU = Debug|Any CPU
		Release|Any CPU = Release|Any CPU
	EndGlobalSection
	GlobalSection(ProjectConfigurationPlatforms) = postSolution
		{09111A75-4352-4C52-BE50-887D57545C40}.Debug|Any CPU.ActiveCfg = Debug|Any CPU
		{09111A75-4352-4C52-BE50-887D57545C40}.Debug|Any CPU.Build.0 = Debug|Any CPU
		{09111A75-4352-4C52-BE50-887D57545C40}.Release|Any CPU.ActiveCfg = Release|Any CPU
		{09111A75-4352-4C52-BE50-887D57545C40}.Release|Any CPU.Build.0 = Release|Any CPU
	EndGlobalSection
	GlobalSection(SolutionProperties) = preSolution
		HideSolutionNode = FALSE
	EndGlobalSection
	GlobalSection(ExtensibilityGlobals) = postSolution
		SolutionGuid = {2F92E8D9-EC98-4C84-B19D-266270821309}
	EndGlobalSection
EndGlobal
